
Microsoft Visual Studio Solution File, Format Version 12.00
# Visual Studio Version 17
VisualStudioVersion = 17.1.32210.238
MinimumVisualStudioVersion = 10.0.40219.1
Project("{2150E333-8FDC-42A3-9474-1A3956D46DE8}") = "src", "src", "{370ED9CC-6B24-425E-9BDE-624EAA49E3DD}"
EndProject
Project("{2150E333-8FDC-42A3-9474-1A3956D46DE8}") = "tests", "tests", "{10EB99BF-593D-41CA-8267-9518ACD897F3}"
EndProject
Project("{9A19103F-16F7-4668-BE54-9A1E7A4F7556}") = "NotesApiTests", "tests\NotesApiTests\NotesApiTests.csproj", "{3D9C7F67-A4CB-4620-8AC5-9D2E1D4D76ED}"
EndProject
Project("{FAE04EC0-301F-11D3-BF4B-00C04F79EFBC}") = "NotesApi", "src\NotesApi\NotesApi.csproj", "{F56E5EE2-61DA-47B4-BAEB-DA9E1F72C3DC}"
EndProject
Global
	GlobalSection(SolutionConfigurationPlatforms) = preSolution
		Debug|Any CPU = Debug|Any CPU
		Release|Any CPU = Release|Any CPU
	EndGlobalSection
	GlobalSection(ProjectConfigurationPlatforms) = postSolution
		{3D9C7F67-A4CB-4620-8AC5-9D2E1D4D76ED}.Debug|Any CPU.ActiveCfg = Debug|Any CPU
		{3D9C7F67-A4CB-4620-8AC5-9D2E1D4D76ED}.Debug|Any CPU.Build.0 = Debug|Any CPU
		{3D9C7F67-A4CB-4620-8AC5-9D2E1D4D76ED}.Release|Any CPU.ActiveCfg = Release|Any CPU
		{3D9C7F67-A4CB-4620-8AC5-9D2E1D4D76ED}.Release|Any CPU.Build.0 = Release|Any CPU
		{F56E5EE2-61DA-47B4-BAEB-DA9E1F72C3DC}.Debug|Any CPU.ActiveCfg = Debug|Any CPU
		{F56E5EE2-61DA-47B4-BAEB-DA9E1F72C3DC}.Debug|Any CPU.Build.0 = Debug|Any CPU
		{F56E5EE2-61DA-47B4-BAEB-DA9E1F72C3DC}.Release|Any CPU.ActiveCfg = Release|Any CPU
		{F56E5EE2-61DA-47B4-BAEB-DA9E1F72C3DC}.Release|Any CPU.Build.0 = Release|Any CPU
	EndGlobalSection
	GlobalSection(SolutionProperties) = preSolution
		HideSolutionNode = FALSE
	EndGlobalSection
	GlobalSection(NestedProjects) = preSolution
		{3D9C7F67-A4CB-4620-8AC5-9D2E1D4D76ED} = {10EB99BF-593D-41CA-8267-9518ACD897F3}
		{F56E5EE2-61DA-47B4-BAEB-DA9E1F72C3DC} = {370ED9CC-6B24-425E-9BDE-624EAA49E3DD}
	EndGlobalSection
	GlobalSection(ExtensibilityGlobals) = postSolution
		SolutionGuid = {A20DCA1D-6ED2-426B-B035-9B2594EB45FB}
	EndGlobalSection
EndGlobal
